// !$*UTF8*$!
{
	archiveVersion = 1;
	classes = {
	};
	objectVersion = 46;
	objects = {

/* Begin PBXBuildFile section */
		48033C691F25A2DE00E83A1B /* main.c in Sources */ = {isa = PBXBuildFile; fileRef = 48033C681F25A2DE00E83A1B /* main.c */; };
		48033C741F25CD9800E83A1B /* Goods.c in Sources */ = {isa = PBXBuildFile; fileRef = 48033C721F25CD9800E83A1B /* Goods.c */; };
		48E52EE41F273943008E0B3E /* Bag.c in Sources */ = {isa = PBXBuildFile; fileRef = 48E52EE21F273943008E0B3E /* Bag.c */; };
/* End PBXBuildFile section */

/* Begin PBXCopyFilesBuildPhase section */
		48033C631F25A2DE00E83A1B /* CopyFiles */ = {
			isa = PBXCopyFilesBuildPhase;
			buildActionMask = 2147483647;
			dstPath = /usr/share/man/man1/;
			dstSubfolderSpec = 0;
			files = (
			);
			runOnlyForDeploymentPostprocessing = 1;
		};
/* End PBXCopyFilesBuildPhase section */

/* Begin PBXFileReference section */
		48033C651F25A2DE00E83A1B /* fist */ = {isa = PBXFileReference; explicitFileType = "compiled.mach-o.executable"; includeInIndex = 0; path = fist; sourceTree = BUILT_PRODUCTS_DIR; };
		48033C681F25A2DE00E83A1B /* main.c */ = {isa = PBXFileReference; lastKnownFileType = sourcecode.c.c; path = main.c; sourceTree = "<group>"; };
		48033C721F25CD9800E83A1B /* Goods.c */ = {isa = PBXFileReference; fileEncoding = 4; lastKnownFileType = sourcecode.c.c; path = Goods.c; sourceTree = "<group>"; };
		48033C731F25CD9800E83A1B /* Goods.h */ = {isa = PBXFileReference; fileEncoding = 4; lastKnownFileType = sourcecode.c.h; path = Goods.h; sourceTree = "<group>"; };
		48E52EE21F273943008E0B3E /* Bag.c */ = {isa = PBXFileReference; fileEncoding = 4; lastKnownFileType = sourcecode.c.c; path = Bag.c; sourceTree = "<group>"; };
		48E52EE31F273943008E0B3E /* Bag.h */ = {isa = PBXFileReference; fileEncoding = 4; lastKnownFileType = sourcecode.c.h; path = Bag.h; sourceTree = "<group>"; };
/* End PBXFileReference section */

/* Begin PBXFrameworksBuildPhase section */
		48033C621F25A2DE00E83A1B /* Frameworks */ = {
			isa = PBXFrameworksBuildPhase;
			buildActionMask = 2147483647;
			files = (
			);
			runOnlyForDeploymentPostprocessing = 0;
		};
/* End PBXFrameworksBuildPhase section */

/* Begin PBXGroup section */
		48033C5C1F25A2DE00E83A1B = {
			isa = PBXGroup;
			children = (
				48033C671F25A2DE00E83A1B /* fist */,
				48033C661F25A2DE00E83A1B /* Products */,
			);
			sourceTree = "<group>";
		};
		48033C661F25A2DE00E83A1B /* Products */ = {
			isa = PBXGroup;
			children = (
				48033C651F25A2DE00E83A1B /* fist */,
			);
			name = Products;
			sourceTree = "<group>";
		};
		48033C671F25A2DE00E83A1B /* fist */ = {
			isa = PBXGroup;
			children = (
				48033C681F25A2DE00E83A1B /* main.c */,
				48033C721F25CD9800E83A1B /* Goods.c */,
				48033C731F25CD9800E83A1B /* Goods.h */,
				48E52EE21F273943008E0B3E /* Bag.c */,
				48E52EE31F273943008E0B3E /* Bag.h */,
			);
			path = fist;
			sourceTree = "<group>";
		};
/* End PBXGroup section */

/* Begin PBXNativeTarget section */
		48033C641F25A2DE00E83A1B /* fist */ = {
			isa = PBXNativeTarget;
			buildConfigurationList = 48033C6C1F25A2DE00E83A1B /* Build configuration list for PBXNativeTarget "fist" */;
			buildPhases = (
				48033C611F25A2DE00E83A1B /* Sources */,
				48033C621F25A2DE00E83A1B /* Frameworks */,
				48033C631F25A2DE00E83A1B /* CopyFiles */,
			);
			buildRules = (
			);
			dependencies = (
			);
			name = fist;
			productName = fist;
			productReference = 48033C651F25A2DE00E83A1B /* fist */;
			productType = "com.apple.product-type.tool";
		};
/* End PBXNativeTarget section */

/* Begin PBXProject section */
		48033C5D1F25A2DE00E83A1B /* Project object */ = {
			isa = PBXProject;
			attributes = {
				LastUpgradeCheck = 0830;
				ORGANIZATIONNAME = Allen;
				TargetAttributes = {
					48033C641F25A2DE00E83A1B = {
						CreatedOnToolsVersion = 8.3.3;
						DevelopmentTeam = LQGFQ7R4WK;
						ProvisioningStyle = Automatic;
					};
				};
			};
			buildConfigurationList = 48033C601F25A2DE00E83A1B /* Build configuration list for PBXProject "fist" */;
			compatibilityVersion = "Xcode 3.2";
			developmentRegion = English;
			hasScannedForEncodings = 0;
			knownRegions = (
				en,
			);
			mainGroup = 48033C5C1F25A2DE00E83A1B;
			productRefGroup = 48033C661F25A2DE00E83A1B /* Products */;
			projectDirPath = "";
			projectRoot = "";
			targets = (
				48033C641F25A2DE00E83A1B /* fist */,
			);
		};
/* End PBXProject section */

/* Begin PBXSourcesBuildPhase section */
		48033C611F25A2DE00E83A1B /* Sources */ = {
			isa = PBXSourcesBuildPhase;
			buildActionMask = 2147483647;
			files = (
				48E52EE41F273943008E0B3E /* Bag.c in Sources */,
				48033C741F25CD9800E83A1B /* Goods.c in Sources */,
				48033C691F25A2DE00E83A1B /* main.c in Sources */,
			);
			runOnlyForDeploymentPostprocessing = 0;
		};
/* End PBXSourcesBuildPhase section */

/* Begin XCBuildConfiguration section */
		48033C6A1F25A2DE00E83A1B /* Debug */ = {
			isa = XCBuildConfiguration;
			buildSettings = {
				ALWAYS_SEARCH_USER_PATHS = NO;
				CLANG_ANALYZER_NONNULL = YES;
				CLANG_ANALYZER_NUMBER_OBJECT_CONVERSION = YES_AGGRESSIVE;
				CLANG_CXX_LANGUAGE_STANDARD = "gnu++0x";
				CLANG_CXX_LIBRARY = "libc++";
				CLANG_ENABLE_MODULES = YES;
				CLANG_ENABLE_OBJC_ARC = YES;
				CLANG_WARN_BOOL_CONVERSION = YES;
				CLANG_WARN_CONSTANT_CONVERSION = YES;
				CLANG_WARN_DIRECT_OBJC_ISA_USAGE = YES_ERROR;
				CLANG_WARN_DOCUMENTATION_COMMENTS = YES;
				CLANG_WARN_EMPTY_BODY = YES;
				CLANG_WARN_ENUM_CONVERSION = YES;
				CLANG_WARN_INFINITE_RECURSION = YES;
				CLANG_WARN_INT_CONVERSION = YES;
				CLANG_WARN_OBJC_ROOT_CLASS = YES_ERROR;
				CLANG_WARN_SUSPICIOUS_MOVE = YES;
				CLANG_WARN_UNREACHABLE_CODE = YES;
				CLANG_WARN__DUPLICATE_METHOD_MATCH = YES;
				CODE_SIGN_IDENTITY = "-";
				COPY_PHASE_STRIP = NO;
				DEBUG_INFORMATION_FORMAT = dwarf;
				ENABLE_STRICT_OBJC_MSGSEND = YES;
				ENABLE_TESTABILITY = YES;
				GCC_C_LANGUAGE_STANDARD = gnu99;
				GCC_DYNAMIC_NO_PIC = NO;
				GCC_NO_COMMON_BLOCKS = YES;
				GCC_OPTIMIZATION_LEVEL = 0;
				GCC_PREPROCESSOR_DEFINITIONS = (
					"DEBUG=1",
					"$(inherited)",
				);
				GCC_WARN_64_TO_32_BIT_CONVERSION = YES;
				GCC_WARN_ABOUT_RETURN_TYPE = YES_ERROR;
				GCC_WARN_UNDECLARED_SELECTOR = YES;
				GCC_WARN_UNINITIALIZED_AUTOS = YES_AGGRESSIVE;
				GCC_WARN_UNUSED_FUNCTION = YES;
				GCC_WARN_UNUSED_VARIABLE = YES;
				MACOSX_DEPLOYMENT_TARGET = 10.12;
				MTL_ENABLE_DEBUG_INFO = YES;
				ONLY_ACTIVE_ARCH = YES;
				SDKROOT = macosx;
			};
			name = Debug;
		};
		48033C6B1F25A2DE00E83A1B /* Release */ = {
			isa = XCBuildConfiguration;
			buildSettings = {
				ALWAYS_SEARCH_USER_PATHS = NO;
				CLANG_ANALYZER_NONNULL = YES;
				CLANG_ANALYZER_NUMBER_OBJECT_CONVERSION = YES_AGGRESSIVE;
				CLANG_CXX_LANGUAGE_STANDARD = "gnu++0x";
				CLANG_CXX_LIBRARY = "libc++";
				CLANG_ENABLE_MODULES = YES;
				CLANG_ENABLE_OBJC_ARC = YES;
				CLANG_WARN_BOOL_CONVERSION = YES;
				CLANG_WARN_CONSTANT_CONVERSION = YES;
				CLANG_WARN_DIRECT_OBJC_ISA_USAGE = YES_ERROR;
				CLANG_WARN_DOCUMENTATION_COMMENTS = YES;
				CLANG_WARN_EMPTY_BODY = YES;
				CLANG_WARN_ENUM_CONVERSION = YES;
				CLANG_WARN_INFINITE_RECURSION = YES;
				CLANG_WARN_INT_CONVERSION = YES;
				CLANG_WARN_OBJC_ROOT_CLASS = YES_ERROR;
				CLANG_WARN_SUSPICIOUS_MOVE = YES;
				CLANG_WARN_UNREACHABLE_CODE = YES;
				CLANG_WARN__DUPLICATE_METHOD_MATCH = YES;
				CODE_SIGN_IDENTITY = "-";
				COPY_PHASE_STRIP = NO;
				DEBUG_INFORMATION_FORMAT = "dwarf-with-dsym";
				ENABLE_NS_ASSERTIONS = NO;
				ENABLE_STRICT_OBJC_MSGSEND = YES;
				GCC_C_LANGUAGE_STANDARD = gnu99;
				GCC_NO_COMMON_BLOCKS = YES;
				GCC_WARN_64_TO_32_BIT_CONVERSION = YES;
				GCC_WARN_ABOUT_RETURN_TYPE = YES_ERROR;
				GCC_WARN_UNDECLARED_SELECTOR = YES;
				GCC_WARN_UNINITIALIZED_AUTOS = YES_AGGRESSIVE;
				GCC_WARN_UNUSED_FUNCTION = YES;
				GCC_WARN_UNUSED_VARIABLE = YES;
				MACOSX_DEPLOYMENT_TARGET = 10.12;
				MTL_ENABLE_DEBUG_INFO = NO;
				SDKROOT = macosx;
			};
			name = Release;
		};
		48033C6D1F25A2DE00E83A1B /* Debug */ = {
			isa = XCBuildConfiguration;
			buildSettings = {
				DEVELOPMENT_TEAM = LQGFQ7R4WK;
				PRODUCT_NAME = "$(TARGET_NAME)";
			};
			name = Debug;
		};
		48033C6E1F25A2DE00E83A1B /* Release */ = {
			isa = XCBuildConfiguration;
			buildSettings = {
				DEVELOPMENT_TEAM = LQGFQ7R4WK;
				PRODUCT_NAME = "$(TARGET_NAME)";
			};
			name = Release;
		};
/* End XCBuildConfiguration section */

/* Begin XCConfigurationList section */
		48033C601F25A2DE00E83A1B /* Build configuration list for PBXProject "fist" */ = {
			isa = XCConfigurationList;
			buildConfigurations = (
				48033C6A1F25A2DE00E83A1B /* Debug */,
				48033C6B1F25A2DE00E83A1B /* Release */,
			);
			defaultConfigurationIsVisible = 0;
			defaultConfigurationName = Release;
		};
		48033C6C1F25A2DE00E83A1B /* Build configuration list for PBXNativeTarget "fist" */ = {
			isa = XCConfigurationList;
			buildConfigurations = (
				48033C6D1F25A2DE00E83A1B /* Debug */,
				48033C6E1F25A2DE00E83A1B /* Release */,
			);
			defaultConfigurationIsVisible = 0;
			defaultConfigurationName = Release;
		};
/* End XCConfigurationList section */
	};
	rootObject = 48033C5D1F25A2DE00E83A1B /* Project object */;
}
